{
    "_meta": {
        "hash": {
            "sha256": "6880d7dac5917a4b7f5b25558c267a6d549c0c460dab0fa0c689c348954589e8"
        },
        "pipfile-spec": 6,
        "requires": {
            "python_version": "3.9"
        },
        "sources": [
            {
                "name": "pypi",
                "url": "https://pypi.org/simple",
                "verify_ssl": true
            }
        ]
    },
    "default": {
        "autopep8": {
            "hashes": [
                "sha256:6f09e90a2be784317e84dc1add17ebfc7abe3924239957a37e5040e27d812087",
                "sha256:ca9b1a83e53a7fad65d731dc7a2a2d50aa48f43850407c59f6a1a306c4201142"
            ],
            "index": "pypi",
            "version": "==1.7.0"
        },
        "certifi": {
            "hashes": [
                "sha256:0d9c601124e5a6ba9712dbc60d9c53c21e34f5f641fe83002317394311bdce14",
                "sha256:90c1a32f1d68f940488354e36370f6cca89f0f106db09518524c88d6ed83f382"
            ],
            "index": "pypi",
            "version": "==2022.9.24"
        },
        "frozendict": {
            "hashes": [
                "sha256:15b4b18346259392b0d27598f240e9390fafbff882137a9c48a1e0104fb17f78",
                "sha256:25a6d2e8b7cf6b6e5677a1a4b53b4073e5d9ec640d1db30dc679627668d25e90",
                "sha256:389f395a74eb16992217ac1521e689c1dea2d70113bcb18714669ace1ed623b9",
                "sha256:3d8042b7dab5e992e30889c9b71b781d5feef19b372d47d735e4d7d45846fd4a",
                "sha256:3e93aebc6e69a8ef329bbe9afb8342bd33c7b5c7a0c480cb9f7e60b0cbe48072",
                "sha256:3ec86ebf143dd685184215c27ec416c36e0ba1b80d81b1b9482f7d380c049b4e",
                "sha256:4a3b32d47282ae0098b9239a6d53ec539da720258bd762d62191b46f2f87c5fc",
                "sha256:5809e6ff6b7257043a486f7a3b73a7da71cf69a38980b4171e4741291d0d9eb3",
                "sha256:7c550ed7fdf1962984bec21630c584d722b3ee5d5f57a0ae2527a0121dc0414a",
                "sha256:84c9887179a245a66a50f52afa08d4d92ae0f269839fab82285c70a0fa0dd782",
                "sha256:95bac22f7f09d81f378f2b3f672b7a50a974ca180feae1507f5e21bc147e8bc8",
                "sha256:aca59108b77cadc13ba7dfea7e8f50811208c7652a13dc6c7f92d7782a24d299",
                "sha256:b98a0d65a59af6da03f794f90b0c3085a7ee14e7bf8f0ef36b079ee8aa992439",
                "sha256:ccb6450a416c9cc9acef7683e637e28356e3ceeabf83521f74cc2718883076b7",
                "sha256:d722f3d89db6ae35ef35ecc243c40c800eb344848c83dba4798353312cd37b15",
                "sha256:dae686722c144b333c4dbdc16323a5de11406d26b76d2be1cc175f90afacb5ba",
                "sha256:dbbe1339ac2646523e0bb00d1896085d1f70de23780e4927ca82b36ab8a044d3"
            ],
            "index": "pypi",
            "version": "==2.3.4"
        },
        "pycodestyle": {
            "hashes": [
                "sha256:2c9607871d58c76354b697b42f5d57e1ada7d261c261efac224b664affdc5785",
                "sha256:d1735fc58b418fd7c5f658d28d943854f8a849b01a5d0a1e6f3f3fdd0166804b"
            ],
            "index": "pypi",
            "version": "==2.9.1"
        },
        "python-dateutil": {
            "hashes": [
                "sha256:0123cacc1627ae19ddf3c27a5de5bd67ee4586fbdd6440d9748f8abb483d3e86",
                "sha256:961d03dc3453ebbc59dbdea9e4e11c5651520a876d0f4db161e8674aae935da9"
            ],
            "index": "pypi",
            "version": "==2.8.2"
        },
        "six": {
            "hashes": [
                "sha256:1e61c37477a1626458e36f7b1d82aa5c9b094fa4802892072e49de9c60c4c926",
                "sha256:8abb2f1d86890a2dfb989f9a77cfcfd3e47c2a354b01111771326f8aa26e0254"
            ],
            "markers": "python_version >= '2.7' and python_version not in '3.0, 3.1, 3.2'",
            "version": "==1.16.0"
        },
        "toml": {
            "hashes": [
                "sha256:806143ae5bfb6a3c6e736a764057db0e6a0e05e338b5630894a5f779cabb4f9b",
                "sha256:b3bda1d108d5dd99f4a20d24d9c348e91c4db7ab1b749200bded2f839ccbe68f"
            ],
            "index": "pypi",
            "version": "==0.10.2"
        },
        "typing-extensions": {
            "hashes": [
                "sha256:25642c956049920a5aa49edcdd6ab1e06d7e5d467fc00e0506c44ac86fbfca02",
                "sha256:e6d2677a32f47fc7eb2795db1dd15c1f34eff616bcaf2cfb5e997f854fa1c4a6"
            ],
            "index": "pypi",
            "version": "==4.3.0"
        },
        "urllib3": {
            "hashes": [
                "sha256:3fa96cf423e6987997fc326ae8df396db2a8b7c667747d47ddd8ecba91f4a74e",
                "sha256:b930dd878d5a8afb066a637fbb35144fe7901e3b209d1cd4f524bd0e9deee997"
            ],
            "index": "pypi",
            "version": "==1.26.12"
        }
    },
    "develop": {}
}
